
Microsoft Visual Studio Solution File, Format Version 12.00
# Visual Studio Version 16
VisualStudioVersion = 16.0.30711.63
MinimumVisualStudioVersion = 10.0.40219.1
Project("{FAE04EC0-301F-11D3-BF4B-00C04F79EFBC}") = "GolfClass", "GolfClass.csproj", "{9A1FE07B-DDCB-41BE-A166-E933A8813887}"
EndProject
Global
	GlobalSection(SolutionConfigurationPlatforms) = preSolution
		Debug|Any CPU = Debug|Any CPU
		Release|Any CPU = Release|Any CPU
	EndGlobalSection
	GlobalSection(ProjectConfigurationPlatforms) = postSolution
		{9A1FE07B-DDCB-41BE-A166-E933A8813887}.Debug|Any CPU.ActiveCfg = Debug|Any CPU
		{9A1FE07B-DDCB-41BE-A166-E933A8813887}.Debug|Any CPU.Build.0 = Debug|Any CPU
		{9A1FE07B-DDCB-41BE-A166-E933A8813887}.Release|Any CPU.ActiveCfg = Release|Any CPU
		{9A1FE07B-DDCB-41BE-A166-E933A8813887}.Release|Any CPU.Build.0 = Release|Any CPU
	EndGlobalSection
	GlobalSection(SolutionProperties) = preSolution
		HideSolutionNode = FALSE
	EndGlobalSection
	GlobalSection(ExtensibilityGlobals) = postSolution
		SolutionGuid = {3DBE9B9B-25AC-4AE2-B3D7-3E890C3CE465}
	EndGlobalSection
EndGlobal
